
Microsoft Visual Studio Solution File, Format Version 12.00
# Visual Studio Version 16
VisualStudioVersion = 16.0.30320.27
MinimumVisualStudioVersion = 10.0.40219.1
Project("{FAE04EC0-301F-11D3-BF4B-00C04F79EFBC}") = "Swiper", "Swiper\Swiper.csproj", "{BFDCD429-D339-4EEB-B176-7B8046D049B9}"
EndProject
Global
	GlobalSection(SolutionConfigurationPlatforms) = preSolution
		Debug|Any CPU = Debug|Any CPU
		Release|Any CPU = Release|Any CPU
	EndGlobalSection
	GlobalSection(ProjectConfigurationPlatforms) = postSolution
		{BFDCD429-D339-4EEB-B176-7B8046D049B9}.Debug|Any CPU.ActiveCfg = Debug|Any CPU
		{BFDCD429-D339-4EEB-B176-7B8046D049B9}.Debug|Any CPU.Build.0 = Debug|Any CPU
		{BFDCD429-D339-4EEB-B176-7B8046D049B9}.Release|Any CPU.ActiveCfg = Release|Any CPU
		{BFDCD429-D339-4EEB-B176-7B8046D049B9}.Release|Any CPU.Build.0 = Release|Any CPU
	EndGlobalSection
	GlobalSection(SolutionProperties) = preSolution
		HideSolutionNode = FALSE
	EndGlobalSection
	GlobalSection(ExtensibilityGlobals) = postSolution
		SolutionGuid = {E86DE0F6-B0DF-4E06-9949-A1EFBAC62902}
	EndGlobalSection
EndGlobal
